Microsoft Visual Studio Solution File, Format Version 12.00
# Visual Studio Version 17
VisualStudioVersion = 17.5.2.0
MinimumVisualStudioVersion = 10.0.40219.1
Project("{2150E333-8FDC-42A3-9474-1A3956D46DE8}") = "samples", "samples", "{5D20AA90-6969-D8BD-9DCD-8634F4692FDA}"
EndProject
Project("{2150E333-8FDC-42A3-9474-1A3956D46DE8}") = "Services", "Services", "{5854FF58-B8C5-05C6-5BF2-ACE42193F22B}"
EndProject
Project("{2150E333-8FDC-42A3-9474-1A3956D46DE8}") = "Shared", "Shared", "{4F52FD11-658E-A102-6CD3-7D7C16FFA15B}"
EndProject
Project("{2150E333-8FDC-42A3-9474-1A3956D46DE8}") = "tests", "tests", "{0AB3BF05-4346-4AA6-1389-037BE0695223}"
EndProject
Project("{FAE04EC0-301F-11D3-BF4B-00C04F79EFBC}") = "DotnetProviderSample", "samples\DotnetProviderSample\DotnetProviderSample.csproj", "{E4B922C8-3C4C-F015-0AA0-0330DFD9EE36}"
EndProject
Project("{FAE04EC0-301F-11D3-BF4B-00C04F79EFBC}") = "Event.Processor.Worker", "Services\Event.Processor.Worker\Event.Processor.Worker.csproj", "{8A0CFD17-F3AD-A2B6-7E65-CD5C4AAC6B6D}"
EndProject
Project("{FAE04EC0-301F-11D3-BF4B-00C04F79EFBC}") = "Gateway", "Services\Gateway\Gateway.csproj", "{F43947B9-0296-D70D-8E35-C807B831520D}"
EndProject
Project("{FAE04EC0-301F-11D3-BF4B-00C04F79EFBC}") = "Ingestion.Api", "Services\Ingestion.Api\Ingestion.Api.csproj", "{3A92AB93-9215-6243-C0A1-BBFDD39719CA}"
EndProject
Project("{FAE04EC0-301F-11D3-BF4B-00C04F79EFBC}") = "Operation.Router.Worker", "Services\Operation.Router.Worker\Operation.Router.Worker.csproj", "{676CB561-12E7-EA86-3DE6-CE7354951E6C}"
EndProject
Project("{FAE04EC0-301F-11D3-BF4B-00C04F79EFBC}") = "Progress.Dispatcher.Worker", "Services\Progress.Dispatcher.Worker\Progress.Dispatcher.Worker.csproj", "{79971E1A-BF62-6191-61AB-C7D0F9EF0B21}"
EndProject
Project("{FAE04EC0-301F-11D3-BF4B-00C04F79EFBC}") = "Provider.Bridge", "Services\Provider.Bridge\Provider.Bridge.csproj", "{96A98E19-F22B-A59D-6E7C-BDDAD9FD32F0}"
EndProject
Project("{FAE04EC0-301F-11D3-BF4B-00C04F79EFBC}") = "Realtime.Hub", "Services\Realtime.Hub\Realtime.Hub.csproj", "{09F24706-5CD9-AEDF-F55E-C709FE9CF879}"
EndProject
Project("{FAE04EC0-301F-11D3-BF4B-00C04F79EFBC}") = "Request.Api", "Services\Request.Api\Request.Api.csproj", "{05BD2873-F485-B2D7-5F28-62454BE1B519}"
EndProject
Project("{FAE04EC0-301F-11D3-BF4B-00C04F79EFBC}") = "Response.Dispatcher.Worker", "Services\Response.Dispatcher.Worker\Response.Dispatcher.Worker.csproj", "{50CEA56A-0DEC-FEA0-8E7C-960999F39660}"
EndProject
Project("{FAE04EC0-301F-11D3-BF4B-00C04F79EFBC}") = "Adapters", "Shared\Adapters\Adapters.csproj", "{65EDFE61-1FF9-24A5-547A-E7268EAFDCBF}"
EndProject
Project("{FAE04EC0-301F-11D3-BF4B-00C04F79EFBC}") = "Auth", "Shared\Auth\Auth.csproj", "{3A37E9EB-4718-CD62-A2AA-DEE49D148BB4}"
EndProject
Project("{FAE04EC0-301F-11D3-BF4B-00C04F79EFBC}") = "Caching", "Shared\Caching\Caching.csproj", "{278B2290-88F8-79D9-2C85-056ED05A55AA}"
EndProject
Project("{FAE04EC0-301F-11D3-BF4B-00C04F79EFBC}") = "Contracts", "Shared\Contracts\Contracts.csproj", "{63526D63-FE2B-F5A5-426E-6F87F468F478}"
EndProject
Project("{FAE04EC0-301F-11D3-BF4B-00C04F79EFBC}") = "HubContracts", "Shared\HubContracts\HubContracts.csproj", "{388DE8DE-1DCD-A02B-3D8F-66CD1761088E}"
EndProject
Project("{FAE04EC0-301F-11D3-BF4B-00C04F79EFBC}") = "Messaging", "Shared\Messaging\Messaging.csproj", "{7CF6A4EA-D666-9AEE-3BA1-CF8EE172B746}"
EndProject
Project("{FAE04EC0-301F-11D3-BF4B-00C04F79EFBC}") = "Metadata", "Shared\Metadata\Metadata.csproj", "{7C9639D8-9A27-B30F-BD14-D8900B07347E}"
EndProject
Project("{FAE04EC0-301F-11D3-BF4B-00C04F79EFBC}") = "Operations", "Shared\Operations\Operations.csproj", "{CDB0A7C0-E3D9-CDB5-41B8-A9D116529D78}"
EndProject
Project("{FAE04EC0-301F-11D3-BF4B-00C04F79EFBC}") = "Providers", "Shared\Providers\Providers.csproj", "{7E9C528D-0BBD-571D-9973-CAE521242774}"
EndProject
Project("{FAE04EC0-301F-11D3-BF4B-00C04F79EFBC}") = "ProviderSdk", "Shared\ProviderSdk\ProviderSdk.csproj", "{D0053782-5E4B-009E-D56E-9A6D0EED5D0D}"
EndProject
Project("{FAE04EC0-301F-11D3-BF4B-00C04F79EFBC}") = "QueryBuilder", "Shared\QueryBuilder\QueryBuilder.csproj", "{07C127EB-10EF-3AEF-0AF2-DD53A6FF1220}"
EndProject
Project("{FAE04EC0-301F-11D3-BF4B-00C04F79EFBC}") = "Resolver", "Shared\Resolver\Resolver.csproj", "{B7C5A114-FC3B-C6EC-7FFD-EA864AC0CF90}"
EndProject
Project("{FAE04EC0-301F-11D3-BF4B-00C04F79EFBC}") = "Telemetry", "Shared\Telemetry\Telemetry.csproj", "{4DB18BC6-037C-4848-F6CA-EA5FE97763E5}"
EndProject
Project("{FAE04EC0-301F-11D3-BF4B-00C04F79EFBC}") = "Transformers", "Shared\Transformers\Transformers.csproj", "{11BDFCE6-F3D5-1053-6D15-933D6F715672}"
EndProject
Project("{FAE04EC0-301F-11D3-BF4B-00C04F79EFBC}") = "Adapters.Tests", "tests\Adapters.Tests\Adapters.Tests.csproj", "{AA73D436-D8BC-BB70-6633-37009AFDB68C}"
EndProject
Project("{FAE04EC0-301F-11D3-BF4B-00C04F79EFBC}") = "Gateway.Tests", "tests\Gateway.Tests\Gateway.Tests.csproj", "{6A4C22D4-B0DE-D7FF-CDF8-FB4D6ABA7805}"
EndProject
Project("{FAE04EC0-301F-11D3-BF4B-00C04F79EFBC}") = "Ingestion.Tests", "tests\Ingestion.Tests\Ingestion.Tests.csproj", "{4047E3FA-9162-BC75-9560-24B0EDC1A21C}"
EndProject
Project("{FAE04EC0-301F-11D3-BF4B-00C04F79EFBC}") = "Operations.Tests", "tests\Operations.Tests\Operations.Tests.csproj", "{E1A4771D-7CF6-FCAD-8B4F-433A4556AB04}"
EndProject
Project("{FAE04EC0-301F-11D3-BF4B-00C04F79EFBC}") = "ProviderBridge.Tests", "tests\ProviderBridge.Tests\ProviderBridge.Tests.csproj", "{2A4A69C7-D32A-7137-E567-AAE84100B4A4}"
EndProject
Project("{FAE04EC0-301F-11D3-BF4B-00C04F79EFBC}") = "Providers.Tests", "tests\Providers.Tests\Providers.Tests.csproj", "{DC1733CC-6626-2A24-87C4-6CA6597307C2}"
EndProject
Project("{FAE04EC0-301F-11D3-BF4B-00C04F79EFBC}") = "ProviderSdk.Tests", "tests\ProviderSdk.Tests\ProviderSdk.Tests.csproj", "{FD1F98D5-B189-C0F5-F1AE-53F08F151878}"
EndProject
Project("{FAE04EC0-301F-11D3-BF4B-00C04F79EFBC}") = "QueryBuilder.Tests", "tests\QueryBuilder.Tests\QueryBuilder.Tests.csproj", "{84D01CB4-5A6F-75E2-5F89-F418A90ED4E2}"
EndProject
Project("{FAE04EC0-301F-11D3-BF4B-00C04F79EFBC}") = "Resolver.Tests", "tests\Resolver.Tests\Resolver.Tests.csproj", "{EFA1A883-0504-D8E4-4D40-8322E4B28A17}"
EndProject
Project("{FAE04EC0-301F-11D3-BF4B-00C04F79EFBC}") = "Router.Tests", "tests\Router.Tests\Router.Tests.csproj", "{0ABCBD38-416A-955B-4E34-1183D89243C9}"
EndProject
Project("{FAE04EC0-301F-11D3-BF4B-00C04F79EFBC}") = "Transformers.Tests", "tests\Transformers.Tests\Transformers.Tests.csproj", "{450AF3B6-B078-A28C-90E4-76177CD43F95}"
EndProject
Global
	GlobalSection(SolutionConfigurationPlatforms) = preSolution
		Debug|Any CPU = Debug|Any CPU
		Release|Any CPU = Release|Any CPU
	EndGlobalSection
	GlobalSection(ProjectConfigurationPlatforms) = postSolution
		{E4B922C8-3C4C-F015-0AA0-0330DFD9EE36}.Debug|Any CPU.ActiveCfg = Debug|Any CPU
		{E4B922C8-3C4C-F015-0AA0-0330DFD9EE36}.Debug|Any CPU.Build.0 = Debug|Any CPU
		{E4B922C8-3C4C-F015-0AA0-0330DFD9EE36}.Release|Any CPU.ActiveCfg = Release|Any CPU
		{E4B922C8-3C4C-F015-0AA0-0330DFD9EE36}.Release|Any CPU.Build.0 = Release|Any CPU
		{8A0CFD17-F3AD-A2B6-7E65-CD5C4AAC6B6D}.Debug|Any CPU.ActiveCfg = Debug|Any CPU
		{8A0CFD17-F3AD-A2B6-7E65-CD5C4AAC6B6D}.Debug|Any CPU.Build.0 = Debug|Any CPU
		{8A0CFD17-F3AD-A2B6-7E65-CD5C4AAC6B6D}.Release|Any CPU.ActiveCfg = Release|Any CPU
		{8A0CFD17-F3AD-A2B6-7E65-CD5C4AAC6B6D}.Release|Any CPU.Build.0 = Release|Any CPU
		{F43947B9-0296-D70D-8E35-C807B831520D}.Debug|Any CPU.ActiveCfg = Debug|Any CPU
		{F43947B9-0296-D70D-8E35-C807B831520D}.Debug|Any CPU.Build.0 = Debug|Any CPU
		{F43947B9-0296-D70D-8E35-C807B831520D}.Release|Any CPU.ActiveCfg = Release|Any CPU
		{F43947B9-0296-D70D-8E35-C807B831520D}.Release|Any CPU.Build.0 = Release|Any CPU
		{3A92AB93-9215-6243-C0A1-BBFDD39719CA}.Debug|Any CPU.ActiveCfg = Debug|Any CPU
		{3A92AB93-9215-6243-C0A1-BBFDD39719CA}.Debug|Any CPU.Build.0 = Debug|Any CPU
		{3A92AB93-9215-6243-C0A1-BBFDD39719CA}.Release|Any CPU.ActiveCfg = Release|Any CPU
		{3A92AB93-9215-6243-C0A1-BBFDD39719CA}.Release|Any CPU.Build.0 = Release|Any CPU
		{676CB561-12E7-EA86-3DE6-CE7354951E6C}.Debug|Any CPU.ActiveCfg = Debug|Any CPU
		{676CB561-12E7-EA86-3DE6-CE7354951E6C}.Debug|Any CPU.Build.0 = Debug|Any CPU
		{676CB561-12E7-EA86-3DE6-CE7354951E6C}.Release|Any CPU.ActiveCfg = Release|Any CPU
		{676CB561-12E7-EA86-3DE6-CE7354951E6C}.Release|Any CPU.Build.0 = Release|Any CPU
		{79971E1A-BF62-6191-61AB-C7D0F9EF0B21}.Debug|Any CPU.ActiveCfg = Debug|Any CPU
		{79971E1A-BF62-6191-61AB-C7D0F9EF0B21}.Debug|Any CPU.Build.0 = Debug|Any CPU
		{79971E1A-BF62-6191-61AB-C7D0F9EF0B21}.Release|Any CPU.ActiveCfg = Release|Any CPU
		{79971E1A-BF62-6191-61AB-C7D0F9EF0B21}.Release|Any CPU.Build.0 = Release|Any CPU
		{96A98E19-F22B-A59D-6E7C-BDDAD9FD32F0}.Debug|Any CPU.ActiveCfg = Debug|Any CPU
		{96A98E19-F22B-A59D-6E7C-BDDAD9FD32F0}.Debug|Any CPU.Build.0 = Debug|Any CPU
		{96A98E19-F22B-A59D-6E7C-BDDAD9FD32F0}.Release|Any CPU.ActiveCfg = Release|Any CPU
		{96A98E19-F22B-A59D-6E7C-BDDAD9FD32F0}.Release|Any CPU.Build.0 = Release|Any CPU
		{09F24706-5CD9-AEDF-F55E-C709FE9CF879}.Debug|Any CPU.ActiveCfg = Debug|Any CPU
		{09F24706-5CD9-AEDF-F55E-C709FE9CF879}.Debug|Any CPU.Build.0 = Debug|Any CPU
		{09F24706-5CD9-AEDF-F55E-C709FE9CF879}.Release|Any CPU.ActiveCfg = Release|Any CPU
		{09F24706-5CD9-AEDF-F55E-C709FE9CF879}.Release|Any CPU.Build.0 = Release|Any CPU
		{05BD2873-F485-B2D7-5F28-62454BE1B519}.Debug|Any CPU.ActiveCfg = Debug|Any CPU
		{05BD2873-F485-B2D7-5F28-62454BE1B519}.Debug|Any CPU.Build.0 = Debug|Any CPU
		{05BD2873-F485-B2D7-5F28-62454BE1B519}.Release|Any CPU.ActiveCfg = Release|Any CPU
		{05BD2873-F485-B2D7-5F28-62454BE1B519}.Release|Any CPU.Build.0 = Release|Any CPU
		{50CEA56A-0DEC-FEA0-8E7C-960999F39660}.Debug|Any CPU.ActiveCfg = Debug|Any CPU
		{50CEA56A-0DEC-FEA0-8E7C-960999F39660}.Debug|Any CPU.Build.0 = Debug|Any CPU
		{50CEA56A-0DEC-FEA0-8E7C-960999F39660}.Release|Any CPU.ActiveCfg = Release|Any CPU
		{50CEA56A-0DEC-FEA0-8E7C-960999F39660}.Release|Any CPU.Build.0 = Release|Any CPU
		{65EDFE61-1FF9-24A5-547A-E7268EAFDCBF}.Debug|Any CPU.ActiveCfg = Debug|Any CPU
		{65EDFE61-1FF9-24A5-547A-E7268EAFDCBF}.Debug|Any CPU.Build.0 = Debug|Any CPU
		{65EDFE61-1FF9-24A5-547A-E7268EAFDCBF}.Release|Any CPU.ActiveCfg = Release|Any CPU
		{65EDFE61-1FF9-24A5-547A-E7268EAFDCBF}.Release|Any CPU.Build.0 = Release|Any CPU
		{3A37E9EB-4718-CD62-A2AA-DEE49D148BB4}.Debug|Any CPU.ActiveCfg = Debug|Any CPU
		{3A37E9EB-4718-CD62-A2AA-DEE49D148BB4}.Debug|Any CPU.Build.0 = Debug|Any CPU
		{3A37E9EB-4718-CD62-A2AA-DEE49D148BB4}.Release|Any CPU.ActiveCfg = Release|Any CPU
		{3A37E9EB-4718-CD62-A2AA-DEE49D148BB4}.Release|Any CPU.Build.0 = Release|Any CPU
		{278B2290-88F8-79D9-2C85-056ED05A55AA}.Debug|Any CPU.ActiveCfg = Debug|Any CPU
		{278B2290-88F8-79D9-2C85-056ED05A55AA}.Debug|Any CPU.Build.0 = Debug|Any CPU
		{278B2290-88F8-79D9-2C85-056ED05A55AA}.Release|Any CPU.ActiveCfg = Release|Any CPU
		{278B2290-88F8-79D9-2C85-056ED05A55AA}.Release|Any CPU.Build.0 = Release|Any CPU
		{63526D63-FE2B-F5A5-426E-6F87F468F478}.Debug|Any CPU.ActiveCfg = Debug|Any CPU
		{63526D63-FE2B-F5A5-426E-6F87F468F478}.Debug|Any CPU.Build.0 = Debug|Any CPU
		{63526D63-FE2B-F5A5-426E-6F87F468F478}.Release|Any CPU.ActiveCfg = Release|Any CPU
		{63526D63-FE2B-F5A5-426E-6F87F468F478}.Release|Any CPU.Build.0 = Release|Any CPU
		{388DE8DE-1DCD-A02B-3D8F-66CD1761088E}.Debug|Any CPU.ActiveCfg = Debug|Any CPU
		{388DE8DE-1DCD-A02B-3D8F-66CD1761088E}.Debug|Any CPU.Build.0 = Debug|Any CPU
		{388DE8DE-1DCD-A02B-3D8F-66CD1761088E}.Release|Any CPU.ActiveCfg = Release|Any CPU
		{388DE8DE-1DCD-A02B-3D8F-66CD1761088E}.Release|Any CPU.Build.0 = Release|Any CPU
		{7CF6A4EA-D666-9AEE-3BA1-CF8EE172B746}.Debug|Any CPU.ActiveCfg = Debug|Any CPU
		{7CF6A4EA-D666-9AEE-3BA1-CF8EE172B746}.Debug|Any CPU.Build.0 = Debug|Any CPU
		{7CF6A4EA-D666-9AEE-3BA1-CF8EE172B746}.Release|Any CPU.ActiveCfg = Release|Any CPU
		{7CF6A4EA-D666-9AEE-3BA1-CF8EE172B746}.Release|Any CPU.Build.0 = Release|Any CPU
		{7C9639D8-9A27-B30F-BD14-D8900B07347E}.Debug|Any CPU.ActiveCfg = Debug|Any CPU
		{7C9639D8-9A27-B30F-BD14-D8900B07347E}.Debug|Any CPU.Build.0 = Debug|Any CPU
		{7C9639D8-9A27-B30F-BD14-D8900B07347E}.Release|Any CPU.ActiveCfg = Release|Any CPU
		{7C9639D8-9A27-B30F-BD14-D8900B07347E}.Release|Any CPU.Build.0 = Release|Any CPU
		{CDB0A7C0-E3D9-CDB5-41B8-A9D116529D78}.Debug|Any CPU.ActiveCfg = Debug|Any CPU
		{CDB0A7C0-E3D9-CDB5-41B8-A9D116529D78}.Debug|Any CPU.Build.0 = Debug|Any CPU
		{CDB0A7C0-E3D9-CDB5-41B8-A9D116529D78}.Release|Any CPU.ActiveCfg = Release|Any CPU
		{CDB0A7C0-E3D9-CDB5-41B8-A9D116529D78}.Release|Any CPU.Build.0 = Release|Any CPU
		{7E9C528D-0BBD-571D-9973-CAE521242774}.Debug|Any CPU.ActiveCfg = Debug|Any CPU
		{7E9C528D-0BBD-571D-9973-CAE521242774}.Debug|Any CPU.Build.0 = Debug|Any CPU
		{7E9C528D-0BBD-571D-9973-CAE521242774}.Release|Any CPU.ActiveCfg = Release|Any CPU
		{7E9C528D-0BBD-571D-9973-CAE521242774}.Release|Any CPU.Build.0 = Release|Any CPU
		{D0053782-5E4B-009E-D56E-9A6D0EED5D0D}.Debug|Any CPU.ActiveCfg = Debug|Any CPU
		{D0053782-5E4B-009E-D56E-9A6D0EED5D0D}.Debug|Any CPU.Build.0 = Debug|Any CPU
		{D0053782-5E4B-009E-D56E-9A6D0EED5D0D}.Release|Any CPU.ActiveCfg = Release|Any CPU
		{D0053782-5E4B-009E-D56E-9A6D0EED5D0D}.Release|Any CPU.Build.0 = Release|Any CPU
		{07C127EB-10EF-3AEF-0AF2-DD53A6FF1220}.Debug|Any CPU.ActiveCfg = Debug|Any CPU
		{07C127EB-10EF-3AEF-0AF2-DD53A6FF1220}.Debug|Any CPU.Build.0 = Debug|Any CPU
		{07C127EB-10EF-3AEF-0AF2-DD53A6FF1220}.Release|Any CPU.ActiveCfg = Release|Any CPU
		{07C127EB-10EF-3AEF-0AF2-DD53A6FF1220}.Release|Any CPU.Build.0 = Release|Any CPU
		{B7C5A114-FC3B-C6EC-7FFD-EA864AC0CF90}.Debug|Any CPU.ActiveCfg = Debug|Any CPU
		{B7C5A114-FC3B-C6EC-7FFD-EA864AC0CF90}.Debug|Any CPU.Build.0 = Debug|Any CPU
		{B7C5A114-FC3B-C6EC-7FFD-EA864AC0CF90}.Release|Any CPU.ActiveCfg = Release|Any CPU
		{B7C5A114-FC3B-C6EC-7FFD-EA864AC0CF90}.Release|Any CPU.Build.0 = Release|Any CPU
		{4DB18BC6-037C-4848-F6CA-EA5FE97763E5}.Debug|Any CPU.ActiveCfg = Debug|Any CPU
		{4DB18BC6-037C-4848-F6CA-EA5FE97763E5}.Debug|Any CPU.Build.0 = Debug|Any CPU
		{4DB18BC6-037C-4848-F6CA-EA5FE97763E5}.Release|Any CPU.ActiveCfg = Release|Any CPU
		{4DB18BC6-037C-4848-F6CA-EA5FE97763E5}.Release|Any CPU.Build.0 = Release|Any CPU
		{11BDFCE6-F3D5-1053-6D15-933D6F715672}.Debug|Any CPU.ActiveCfg = Debug|Any CPU
		{11BDFCE6-F3D5-1053-6D15-933D6F715672}.Debug|Any CPU.Build.0 = Debug|Any CPU
		{11BDFCE6-F3D5-1053-6D15-933D6F715672}.Release|Any CPU.ActiveCfg = Release|Any CPU
		{11BDFCE6-F3D5-1053-6D15-933D6F715672}.Release|Any CPU.Build.0 = Release|Any CPU
		{AA73D436-D8BC-BB70-6633-37009AFDB68C}.Debug|Any CPU.ActiveCfg = Debug|Any CPU
		{AA73D436-D8BC-BB70-6633-37009AFDB68C}.Debug|Any CPU.Build.0 = Debug|Any CPU
		{AA73D436-D8BC-BB70-6633-37009AFDB68C}.Release|Any CPU.ActiveCfg = Release|Any CPU
		{AA73D436-D8BC-BB70-6633-37009AFDB68C}.Release|Any CPU.Build.0 = Release|Any CPU
		{6A4C22D4-B0DE-D7FF-CDF8-FB4D6ABA7805}.Debug|Any CPU.ActiveCfg = Debug|Any CPU
		{6A4C22D4-B0DE-D7FF-CDF8-FB4D6ABA7805}.Debug|Any CPU.Build.0 = Debug|Any CPU
		{6A4C22D4-B0DE-D7FF-CDF8-FB4D6ABA7805}.Release|Any CPU.ActiveCfg = Release|Any CPU
		{6A4C22D4-B0DE-D7FF-CDF8-FB4D6ABA7805}.Release|Any CPU.Build.0 = Release|Any CPU
		{4047E3FA-9162-BC75-9560-24B0EDC1A21C}.Debug|Any CPU.ActiveCfg = Debug|Any CPU
		{4047E3FA-9162-BC75-9560-24B0EDC1A21C}.Debug|Any CPU.Build.0 = Debug|Any CPU
		{4047E3FA-9162-BC75-9560-24B0EDC1A21C}.Release|Any CPU.ActiveCfg = Release|Any CPU
		{4047E3FA-9162-BC75-9560-24B0EDC1A21C}.Release|Any CPU.Build.0 = Release|Any CPU
		{E1A4771D-7CF6-FCAD-8B4F-433A4556AB04}.Debug|Any CPU.ActiveCfg = Debug|Any CPU
		{E1A4771D-7CF6-FCAD-8B4F-433A4556AB04}.Debug|Any CPU.Build.0 = Debug|Any CPU
		{E1A4771D-7CF6-FCAD-8B4F-433A4556AB04}.Release|Any CPU.ActiveCfg = Release|Any CPU
		{E1A4771D-7CF6-FCAD-8B4F-433A4556AB04}.Release|Any CPU.Build.0 = Release|Any CPU
		{2A4A69C7-D32A-7137-E567-AAE84100B4A4}.Debug|Any CPU.ActiveCfg = Debug|Any CPU
		{2A4A69C7-D32A-7137-E567-AAE84100B4A4}.Debug|Any CPU.Build.0 = Debug|Any CPU
		{2A4A69C7-D32A-7137-E567-AAE84100B4A4}.Release|Any CPU.ActiveCfg = Release|Any CPU
		{2A4A69C7-D32A-7137-E567-AAE84100B4A4}.Release|Any CPU.Build.0 = Release|Any CPU
		{DC1733CC-6626-2A24-87C4-6CA6597307C2}.Debug|Any CPU.ActiveCfg = Debug|Any CPU
		{DC1733CC-6626-2A24-87C4-6CA6597307C2}.Debug|Any CPU.Build.0 = Debug|Any CPU
		{DC1733CC-6626-2A24-87C4-6CA6597307C2}.Release|Any CPU.ActiveCfg = Release|Any CPU
		{DC1733CC-6626-2A24-87C4-6CA6597307C2}.Release|Any CPU.Build.0 = Release|Any CPU
		{FD1F98D5-B189-C0F5-F1AE-53F08F151878}.Debug|Any CPU.ActiveCfg = Debug|Any CPU
		{FD1F98D5-B189-C0F5-F1AE-53F08F151878}.Debug|Any CPU.Build.0 = Debug|Any CPU
		{FD1F98D5-B189-C0F5-F1AE-53F08F151878}.Release|Any CPU.ActiveCfg = Release|Any CPU
		{FD1F98D5-B189-C0F5-F1AE-53F08F151878}.Release|Any CPU.Build.0 = Release|Any CPU
		{84D01CB4-5A6F-75E2-5F89-F418A90ED4E2}.Debug|Any CPU.ActiveCfg = Debug|Any CPU
		{84D01CB4-5A6F-75E2-5F89-F418A90ED4E2}.Debug|Any CPU.Build.0 = Debug|Any CPU
		{84D01CB4-5A6F-75E2-5F89-F418A90ED4E2}.Release|Any CPU.ActiveCfg = Release|Any CPU
		{84D01CB4-5A6F-75E2-5F89-F418A90ED4E2}.Release|Any CPU.Build.0 = Release|Any CPU
		{EFA1A883-0504-D8E4-4D40-8322E4B28A17}.Debug|Any CPU.ActiveCfg = Debug|Any CPU
		{EFA1A883-0504-D8E4-4D40-8322E4B28A17}.Debug|Any CPU.Build.0 = Debug|Any CPU
		{EFA1A883-0504-D8E4-4D40-8322E4B28A17}.Release|Any CPU.ActiveCfg = Release|Any CPU
		{EFA1A883-0504-D8E4-4D40-8322E4B28A17}.Release|Any CPU.Build.0 = Release|Any CPU
		{0ABCBD38-416A-955B-4E34-1183D89243C9}.Debug|Any CPU.ActiveCfg = Debug|Any CPU
		{0ABCBD38-416A-955B-4E34-1183D89243C9}.Debug|Any CPU.Build.0 = Debug|Any CPU
		{0ABCBD38-416A-955B-4E34-1183D89243C9}.Release|Any CPU.ActiveCfg = Release|Any CPU
		{0ABCBD38-416A-955B-4E34-1183D89243C9}.Release|Any CPU.Build.0 = Release|Any CPU
		{450AF3B6-B078-A28C-90E4-76177CD43F95}.Debug|Any CPU.ActiveCfg = Debug|Any CPU
		{450AF3B6-B078-A28C-90E4-76177CD43F95}.Debug|Any CPU.Build.0 = Debug|Any CPU
		{450AF3B6-B078-A28C-90E4-76177CD43F95}.Release|Any CPU.ActiveCfg = Release|Any CPU
		{450AF3B6-B078-A28C-90E4-76177CD43F95}.Release|Any CPU.Build.0 = Release|Any CPU
	EndGlobalSection
	GlobalSection(SolutionProperties) = preSolution
		HideSolutionNode = FALSE
	EndGlobalSection
	GlobalSection(NestedProjects) = preSolution
		{E4B922C8-3C4C-F015-0AA0-0330DFD9EE36} = {5D20AA90-6969-D8BD-9DCD-8634F4692FDA}
		{8A0CFD17-F3AD-A2B6-7E65-CD5C4AAC6B6D} = {5854FF58-B8C5-05C6-5BF2-ACE42193F22B}
		{F43947B9-0296-D70D-8E35-C807B831520D} = {5854FF58-B8C5-05C6-5BF2-ACE42193F22B}
		{3A92AB93-9215-6243-C0A1-BBFDD39719CA} = {5854FF58-B8C5-05C6-5BF2-ACE42193F22B}
		{676CB561-12E7-EA86-3DE6-CE7354951E6C} = {5854FF58-B8C5-05C6-5BF2-ACE42193F22B}
		{79971E1A-BF62-6191-61AB-C7D0F9EF0B21} = {5854FF58-B8C5-05C6-5BF2-ACE42193F22B}
		{96A98E19-F22B-A59D-6E7C-BDDAD9FD32F0} = {5854FF58-B8C5-05C6-5BF2-ACE42193F22B}
		{09F24706-5CD9-AEDF-F55E-C709FE9CF879} = {5854FF58-B8C5-05C6-5BF2-ACE42193F22B}
		{05BD2873-F485-B2D7-5F28-62454BE1B519} = {5854FF58-B8C5-05C6-5BF2-ACE42193F22B}
		{50CEA56A-0DEC-FEA0-8E7C-960999F39660} = {5854FF58-B8C5-05C6-5BF2-ACE42193F22B}
		{65EDFE61-1FF9-24A5-547A-E7268EAFDCBF} = {4F52FD11-658E-A102-6CD3-7D7C16FFA15B}
		{3A37E9EB-4718-CD62-A2AA-DEE49D148BB4} = {4F52FD11-658E-A102-6CD3-7D7C16FFA15B}
		{278B2290-88F8-79D9-2C85-056ED05A55AA} = {4F52FD11-658E-A102-6CD3-7D7C16FFA15B}
		{63526D63-FE2B-F5A5-426E-6F87F468F478} = {4F52FD11-658E-A102-6CD3-7D7C16FFA15B}
		{388DE8DE-1DCD-A02B-3D8F-66CD1761088E} = {4F52FD11-658E-A102-6CD3-7D7C16FFA15B}
		{7CF6A4EA-D666-9AEE-3BA1-CF8EE172B746} = {4F52FD11-658E-A102-6CD3-7D7C16FFA15B}
		{7C9639D8-9A27-B30F-BD14-D8900B07347E} = {4F52FD11-658E-A102-6CD3-7D7C16FFA15B}
		{CDB0A7C0-E3D9-CDB5-41B8-A9D116529D78} = {4F52FD11-658E-A102-6CD3-7D7C16FFA15B}
		{7E9C528D-0BBD-571D-9973-CAE521242774} = {4F52FD11-658E-A102-6CD3-7D7C16FFA15B}
		{D0053782-5E4B-009E-D56E-9A6D0EED5D0D} = {4F52FD11-658E-A102-6CD3-7D7C16FFA15B}
		{07C127EB-10EF-3AEF-0AF2-DD53A6FF1220} = {4F52FD11-658E-A102-6CD3-7D7C16FFA15B}
		{B7C5A114-FC3B-C6EC-7FFD-EA864AC0CF90} = {4F52FD11-658E-A102-6CD3-7D7C16FFA15B}
		{4DB18BC6-037C-4848-F6CA-EA5FE97763E5} = {4F52FD11-658E-A102-6CD3-7D7C16FFA15B}
		{11BDFCE6-F3D5-1053-6D15-933D6F715672} = {4F52FD11-658E-A102-6CD3-7D7C16FFA15B}
		{AA73D436-D8BC-BB70-6633-37009AFDB68C} = {0AB3BF05-4346-4AA6-1389-037BE0695223}
		{6A4C22D4-B0DE-D7FF-CDF8-FB4D6ABA7805} = {0AB3BF05-4346-4AA6-1389-037BE0695223}
		{4047E3FA-9162-BC75-9560-24B0EDC1A21C} = {0AB3BF05-4346-4AA6-1389-037BE0695223}
		{E1A4771D-7CF6-FCAD-8B4F-433A4556AB04} = {0AB3BF05-4346-4AA6-1389-037BE0695223}
		{2A4A69C7-D32A-7137-E567-AAE84100B4A4} = {0AB3BF05-4346-4AA6-1389-037BE0695223}
		{DC1733CC-6626-2A24-87C4-6CA6597307C2} = {0AB3BF05-4346-4AA6-1389-037BE0695223}
		{FD1F98D5-B189-C0F5-F1AE-53F08F151878} = {0AB3BF05-4346-4AA6-1389-037BE0695223}
		{84D01CB4-5A6F-75E2-5F89-F418A90ED4E2} = {0AB3BF05-4346-4AA6-1389-037BE0695223}
		{EFA1A883-0504-D8E4-4D40-8322E4B28A17} = {0AB3BF05-4346-4AA6-1389-037BE0695223}
		{0ABCBD38-416A-955B-4E34-1183D89243C9} = {0AB3BF05-4346-4AA6-1389-037BE0695223}
		{450AF3B6-B078-A28C-90E4-76177CD43F95} = {0AB3BF05-4346-4AA6-1389-037BE0695223}
	EndGlobalSection
	GlobalSection(ExtensibilityGlobals) = postSolution
		SolutionGuid = {513775EA-1DD2-48FD-80D8-B8567F6D3E8B}
	EndGlobalSection
EndGlobal
